// !$*UTF8*$!
{
	archiveVersion = 1;
	classes = {
	};
	objectVersion = 55;
	objects = {

/* Begin PBXBuildFile section */
		7A317F6E2847DE3A00D2867D /* primerOneApp.swift in Sources */ = {isa = PBXBuildFile; fileRef = 7A317F6D2847DE3A00D2867D /* primerOneApp.swift */; };
		7A317F702847DE3A00D2867D /* ContentView.swift in Sources */ = {isa = PBXBuildFile; fileRef = 7A317F6F2847DE3A00D2867D /* ContentView.swift */; };
		7A317F722847DE3C00D2867D /* Assets.xcassets in Resources */ = {isa = PBXBuildFile; fileRef = 7A317F712847DE3C00D2867D /* Assets.xcassets */; };
		7A317F752847DE3C00D2867D /* Preview Assets.xcassets in Resources */ = {isa = PBXBuildFile; fileRef = 7A317F742847DE3C00D2867D /* Preview Assets.xcassets */; };
		7A317F822847E0B200D2867D /* HomeView.swift in Sources */ = {isa = PBXBuildFile; fileRef = 7A317F812847E0B200D2867D /* HomeView.swift */; };
		7A317F842847E0C500D2867D /* ExploreView.swift in Sources */ = {isa = PBXBuildFile; fileRef = 7A317F832847E0C500D2867D /* ExploreView.swift */; };
		7A317F862847E0D700D2867D /* SavedView.swift in Sources */ = {isa = PBXBuildFile; fileRef = 7A317F852847E0D700D2867D /* SavedView.swift */; };
		7A317F882847F26A00D2867D /* Course.swift in Sources */ = {isa = PBXBuildFile; fileRef = 7A317F872847F26A00D2867D /* Course.swift */; };
		7A317F8A2847F3E800D2867D /* DetailView.swift in Sources */ = {isa = PBXBuildFile; fileRef = 7A317F892847F3E800D2867D /* DetailView.swift */; };
		7A317F8C2847F49D00D2867D /* ModalView.swift in Sources */ = {isa = PBXBuildFile; fileRef = 7A317F8B2847F49D00D2867D /* ModalView.swift */; };
		7A561F19284DF660003CC56A /* TrendingView.swift in Sources */ = {isa = PBXBuildFile; fileRef = 7A561F18284DF660003CC56A /* TrendingView.swift */; };
		7A561F1B284DF8E1003CC56A /* OurPicks.swift in Sources */ = {isa = PBXBuildFile; fileRef = 7A561F1A284DF8E1003CC56A /* OurPicks.swift */; };
/* End PBXBuildFile section */

/* Begin PBXFileReference section */
		7A317F6A2847DE3A00D2867D /* primerOne.app */ = {isa = PBXFileReference; explicitFileType = wrapper.application; includeInIndex = 0; path = primerOne.app; sourceTree = BUILT_PRODUCTS_DIR; };
		7A317F6D2847DE3A00D2867D /* primerOneApp.swift */ = {isa = PBXFileReference; lastKnownFileType = sourcecode.swift; path = primerOneApp.swift; sourceTree = "<group>"; };
		7A317F6F2847DE3A00D2867D /* ContentView.swift */ = {isa = PBXFileReference; lastKnownFileType = sourcecode.swift; path = ContentView.swift; sourceTree = "<group>"; };
		7A317F712847DE3C00D2867D /* Assets.xcassets */ = {isa = PBXFileReference; lastKnownFileType = folder.assetcatalog; path = Assets.xcassets; sourceTree = "<group>"; };
		7A317F742847DE3C00D2867D /* Preview Assets.xcassets */ = {isa = PBXFileReference; lastKnownFileType = folder.assetcatalog; path = "Preview Assets.xcassets"; sourceTree = "<group>"; };
		7A317F812847E0B200D2867D /* HomeView.swift */ = {isa = PBXFileReference; lastKnownFileType = sourcecode.swift; path = HomeView.swift; sourceTree = "<group>"; };
		7A317F832847E0C500D2867D /* ExploreView.swift */ = {isa = PBXFileReference; lastKnownFileType = sourcecode.swift; path = ExploreView.swift; sourceTree = "<group>"; };
		7A317F852847E0D700D2867D /* SavedView.swift */ = {isa = PBXFileReference; lastKnownFileType = sourcecode.swift; path = SavedView.swift; sourceTree = "<group>"; };
		7A317F872847F26A00D2867D /* Course.swift */ = {isa = PBXFileReference; lastKnownFileType = sourcecode.swift; path = Course.swift; sourceTree = "<group>"; };
		7A317F892847F3E800D2867D /* DetailView.swift */ = {isa = PBXFileReference; lastKnownFileType = sourcecode.swift; path = DetailView.swift; sourceTree = "<group>"; };
		7A317F8B2847F49D00D2867D /* ModalView.swift */ = {isa = PBXFileReference; lastKnownFileType = sourcecode.swift; path = ModalView.swift; sourceTree = "<group>"; };
		7A561F18284DF660003CC56A /* TrendingView.swift */ = {isa = PBXFileReference; lastKnownFileType = sourcecode.swift; path = TrendingView.swift; sourceTree = "<group>"; };
		7A561F1A284DF8E1003CC56A /* OurPicks.swift */ = {isa = PBXFileReference; lastKnownFileType = sourcecode.swift; path = OurPicks.swift; sourceTree = "<group>"; };
/* End PBXFileReference section */

/* Begin PBXFrameworksBuildPhase section */
		7A317F672847DE3A00D2867D /* Frameworks */ = {
			isa = PBXFrameworksBuildPhase;
			buildActionMask = 2147483647;
			files = (
			);
			runOnlyForDeploymentPostprocessing = 0;
		};
/* End PBXFrameworksBuildPhase section */

/* Begin PBXGroup section */
		7A317F612847DE3A00D2867D = {
			isa = PBXGroup;
			children = (
				7A317F6C2847DE3A00D2867D /* primerOne */,
				7A317F6B2847DE3A00D2867D /* Products */,
			);
			sourceTree = "<group>";
		};
		7A317F6B2847DE3A00D2867D /* Products */ = {
			isa = PBXGroup;
			children = (
				7A317F6A2847DE3A00D2867D /* primerOne.app */,
			);
			name = Products;
			sourceTree = "<group>";
		};
		7A317F6C2847DE3A00D2867D /* primerOne */ = {
			isa = PBXGroup;
			children = (
				7A317F7C2847DF3A00D2867D /* Views */,
				7A317F7D2847DF4800D2867D /* Models */,
				7A317F7B2847DF2B00D2867D /* ViewModels */,
				7A317F7E2847DF7A00D2867D /* Utils */,
				7A317F6D2847DE3A00D2867D /* primerOneApp.swift */,
				7A317F712847DE3C00D2867D /* Assets.xcassets */,
				7A317F732847DE3C00D2867D /* Preview Content */,
			);
			path = primerOne;
			sourceTree = "<group>";
		};
		7A317F732847DE3C00D2867D /* Preview Content */ = {
			isa = PBXGroup;
			children = (
				7A317F742847DE3C00D2867D /* Preview Assets.xcassets */,
			);
			path = "Preview Content";
			sourceTree = "<group>";
		};
		7A317F7B2847DF2B00D2867D /* ViewModels */ = {
			isa = PBXGroup;
			children = (
			);
			path = ViewModels;
			sourceTree = "<group>";
		};
		7A317F7C2847DF3A00D2867D /* Views */ = {
			isa = PBXGroup;
			children = (
				7A317F6F2847DE3A00D2867D /* ContentView.swift */,
				7A317F812847E0B200D2867D /* HomeView.swift */,
				7A317F832847E0C500D2867D /* ExploreView.swift */,
				7A317F852847E0D700D2867D /* SavedView.swift */,
				7A317F892847F3E800D2867D /* DetailView.swift */,
				7A317F8B2847F49D00D2867D /* ModalView.swift */,
				7A561F18284DF660003CC56A /* TrendingView.swift */,
				7A561F1A284DF8E1003CC56A /* OurPicks.swift */,
			);
			path = Views;
			sourceTree = "<group>";
		};
		7A317F7D2847DF4800D2867D /* Models */ = {
			isa = PBXGroup;
			children = (
				7A317F872847F26A00D2867D /* Course.swift */,
			);
			path = Models;
			sourceTree = "<group>";
		};
		7A317F7E2847DF7A00D2867D /* Utils */ = {
			isa = PBXGroup;
			children = (
			);
			path = Utils;
			sourceTree = "<group>";
		};
/* End PBXGroup section */

/* Begin PBXNativeTarget section */
		7A317F692847DE3A00D2867D /* primerOne */ = {
			isa = PBXNativeTarget;
			buildConfigurationList = 7A317F782847DE3C00D2867D /* Build configuration list for PBXNativeTarget "primerOne" */;
			buildPhases = (
				7A317F662847DE3A00D2867D /* Sources */,
				7A317F672847DE3A00D2867D /* Frameworks */,
				7A317F682847DE3A00D2867D /* Resources */,
			);
			buildRules = (
			);
			dependencies = (
			);
			name = primerOne;
			productName = primerOne;
			productReference = 7A317F6A2847DE3A00D2867D /* primerOne.app */;
			productType = "com.apple.product-type.application";
		};
/* End PBXNativeTarget section */

/* Begin PBXProject section */
		7A317F622847DE3A00D2867D /* Project object */ = {
			isa = PBXProject;
			attributes = {
				BuildIndependentTargetsInParallel = 1;
				LastSwiftUpdateCheck = 1340;
				LastUpgradeCheck = 1340;
				TargetAttributes = {
					7A317F692847DE3A00D2867D = {
						CreatedOnToolsVersion = 13.4;
					};
				};
			};
			buildConfigurationList = 7A317F652847DE3A00D2867D /* Build configuration list for PBXProject "primerOne" */;
			compatibilityVersion = "Xcode 13.0";
			developmentRegion = en;
			hasScannedForEncodings = 0;
			knownRegions = (
				en,
				Base,
			);
			mainGroup = 7A317F612847DE3A00D2867D;
			productRefGroup = 7A317F6B2847DE3A00D2867D /* Products */;
			projectDirPath = "";
			projectRoot = "";
			targets = (
				7A317F692847DE3A00D2867D /* primerOne */,
			);
		};
/* End PBXProject section */

/* Begin PBXResourcesBuildPhase section */
		7A317F682847DE3A00D2867D /* Resources */ = {
			isa = PBXResourcesBuildPhase;
			buildActionMask = 2147483647;
			files = (
				7A317F752847DE3C00D2867D /* Preview Assets.xcassets in Resources */,
				7A317F722847DE3C00D2867D /* Assets.xcassets in Resources */,
			);
			runOnlyForDeploymentPostprocessing = 0;
		};
/* End PBXResourcesBuildPhase section */

/* Begin PBXSourcesBuildPhase section */
		7A317F662847DE3A00D2867D /* Sources */ = {
			isa = PBXSourcesBuildPhase;
			buildActionMask = 2147483647;
			files = (
				7A561F19284DF660003CC56A /* TrendingView.swift in Sources */,
				7A317F882847F26A00D2867D /* Course.swift in Sources */,
				7A317F822847E0B200D2867D /* HomeView.swift in Sources */,
				7A317F8C2847F49D00D2867D /* ModalView.swift in Sources */,
				7A317F862847E0D700D2867D /* SavedView.swift in Sources */,
				7A317F8A2847F3E800D2867D /* DetailView.swift in Sources */,
				7A317F702847DE3A00D2867D /* ContentView.swift in Sources */,
				7A317F842847E0C500D2867D /* ExploreView.swift in Sources */,
				7A317F6E2847DE3A00D2867D /* primerOneApp.swift in Sources */,
				7A561F1B284DF8E1003CC56A /* OurPicks.swift in Sources */,
			);
			runOnlyForDeploymentPostprocessing = 0;
		};
/* End PBXSourcesBuildPhase section */

/* Begin XCBuildConfiguration section */
		7A317F762847DE3C00D2867D /* Debug */ = {
			isa = XCBuildConfiguration;
			buildSettings = {
				ALWAYS_SEARCH_USER_PATHS = NO;
				CLANG_ANALYZER_NONNULL = YES;
				CLANG_ANALYZER_NUMBER_OBJECT_CONVERSION = YES_AGGRESSIVE;
				CLANG_CXX_LANGUAGE_STANDARD = "gnu++17";
				CLANG_ENABLE_MODULES = YES;
				CLANG_ENABLE_OBJC_ARC = YES;
				CLANG_ENABLE_OBJC_WEAK = YES;
				CLANG_WARN_BLOCK_CAPTURE_AUTORELEASING = YES;
				CLANG_WARN_BOOL_CONVERSION = YES;
				CLANG_WARN_COMMA = YES;
				CLANG_WARN_CONSTANT_CONVERSION = YES;
				CLANG_WARN_DEPRECATED_OBJC_IMPLEMENTATIONS = YES;
				CLANG_WARN_DIRECT_OBJC_ISA_USAGE = YES_ERROR;
				CLANG_WARN_DOCUMENTATION_COMMENTS = YES;
				CLANG_WARN_EMPTY_BODY = YES;
				CLANG_WARN_ENUM_CONVERSION = YES;
				CLANG_WARN_INFINITE_RECURSION = YES;
				CLANG_WARN_INT_CONVERSION = YES;
				CLANG_WARN_NON_LITERAL_NULL_CONVERSION = YES;
				CLANG_WARN_OBJC_IMPLICIT_RETAIN_SELF = YES;
				CLANG_WARN_OBJC_LITERAL_CONVERSION = YES;
				CLANG_WARN_OBJC_ROOT_CLASS = YES_ERROR;
				CLANG_WARN_QUOTED_INCLUDE_IN_FRAMEWORK_HEADER = YES;
				CLANG_WARN_RANGE_LOOP_ANALYSIS = YES;
				CLANG_WARN_STRICT_PROTOTYPES = YES;
				CLANG_WARN_SUSPICIOUS_MOVE = YES;
				CLANG_WARN_UNGUARDED_AVAILABILITY = YES_AGGRESSIVE;
				CLANG_WARN_UNREACHABLE_CODE = YES;
				CLANG_WARN__DUPLICATE_METHOD_MATCH = YES;
				COPY_PHASE_STRIP = NO;
				DEBUG_INFORMATION_FORMAT = dwarf;
				ENABLE_STRICT_OBJC_MSGSEND = YES;
				ENABLE_TESTABILITY = YES;
				GCC_C_LANGUAGE_STANDARD = gnu11;
				GCC_DYNAMIC_NO_PIC = NO;
				GCC_NO_COMMON_BLOCKS = YES;
				GCC_OPTIMIZATION_LEVEL = 0;
				GCC_PREPROCESSOR_DEFINITIONS = (
					"DEBUG=1",
					"$(inherited)",
				);
				GCC_WARN_64_TO_32_BIT_CONVERSION = YES;
				GCC_WARN_ABOUT_RETURN_TYPE = YES_ERROR;
				GCC_WARN_UNDECLARED_SELECTOR = YES;
				GCC_WARN_UNINITIALIZED_AUTOS = YES_AGGRESSIVE;
				GCC_WARN_UNUSED_FUNCTION = YES;
				GCC_WARN_UNUSED_VARIABLE = YES;
				IPHONEOS_DEPLOYMENT_TARGET = 15.5;
				MTL_ENABLE_DEBUG_INFO = INCLUDE_SOURCE;
				MTL_FAST_MATH = YES;
				ONLY_ACTIVE_ARCH = YES;
				SDKROOT = iphoneos;
				SWIFT_ACTIVE_COMPILATION_CONDITIONS = DEBUG;
				SWIFT_OPTIMIZATION_LEVEL = "-Onone";
			};
			name = Debug;
		};
		7A317F772847DE3C00D2867D /* Release */ = {
			isa = XCBuildConfiguration;
			buildSettings = {
				ALWAYS_SEARCH_USER_PATHS = NO;
				CLANG_ANALYZER_NONNULL = YES;
				CLANG_ANALYZER_NUMBER_OBJECT_CONVERSION = YES_AGGRESSIVE;
				CLANG_CXX_LANGUAGE_STANDARD = "gnu++17";
				CLANG_ENABLE_MODULES = YES;
				CLANG_ENABLE_OBJC_ARC = YES;
				CLANG_ENABLE_OBJC_WEAK = YES;
				CLANG_WARN_BLOCK_CAPTURE_AUTORELEASING = YES;
				CLANG_WARN_BOOL_CONVERSION = YES;
				CLANG_WARN_COMMA = YES;
				CLANG_WARN_CONSTANT_CONVERSION = YES;
				CLANG_WARN_DEPRECATED_OBJC_IMPLEMENTATIONS = YES;
				CLANG_WARN_DIRECT_OBJC_ISA_USAGE = YES_ERROR;
				CLANG_WARN_DOCUMENTATION_COMMENTS = YES;
				CLANG_WARN_EMPTY_BODY = YES;
				CLANG_WARN_ENUM_CONVERSION = YES;
				CLANG_WARN_INFINITE_RECURSION = YES;
				CLANG_WARN_INT_CONVERSION = YES;
				CLANG_WARN_NON_LITERAL_NULL_CONVERSION = YES;
				CLANG_WARN_OBJC_IMPLICIT_RETAIN_SELF = YES;
				CLANG_WARN_OBJC_LITERAL_CONVERSION = YES;
				CLANG_WARN_OBJC_ROOT_CLASS = YES_ERROR;
				CLANG_WARN_QUOTED_INCLUDE_IN_FRAMEWORK_HEADER = YES;
				CLANG_WARN_RANGE_LOOP_ANALYSIS = YES;
				CLANG_WARN_STRICT_PROTOTYPES = YES;
				CLANG_WARN_SUSPICIOUS_MOVE = YES;
				CLANG_WARN_UNGUARDED_AVAILABILITY = YES_AGGRESSIVE;
				CLANG_WARN_UNREACHABLE_CODE = YES;
				CLANG_WARN__DUPLICATE_METHOD_MATCH = YES;
				COPY_PHASE_STRIP = NO;
				DEBUG_INFORMATION_FORMAT = "dwarf-with-dsym";
				ENABLE_NS_ASSERTIONS = NO;
				ENABLE_STRICT_OBJC_MSGSEND = YES;
				GCC_C_LANGUAGE_STANDARD = gnu11;
				GCC_NO_COMMON_BLOCKS = YES;
				GCC_WARN_64_TO_32_BIT_CONVERSION = YES;
				GCC_WARN_ABOUT_RETURN_TYPE = YES_ERROR;
				GCC_WARN_UNDECLARED_SELECTOR = YES;
				GCC_WARN_UNINITIALIZED_AUTOS = YES_AGGRESSIVE;
				GCC_WARN_UNUSED_FUNCTION = YES;
				GCC_WARN_UNUSED_VARIABLE = YES;
				IPHONEOS_DEPLOYMENT_TARGET = 15.5;
				MTL_ENABLE_DEBUG_INFO = NO;
				MTL_FAST_MATH = YES;
				SDKROOT = iphoneos;
				SWIFT_COMPILATION_MODE = wholemodule;
				SWIFT_OPTIMIZATION_LEVEL = "-O";
				VALIDATE_PRODUCT = YES;
			};
			name = Release;
		};
		7A317F792847DE3C00D2867D /* Debug */ = {
			isa = XCBuildConfiguration;
			buildSettings = {
				ASSETCATALOG_COMPILER_APPICON_NAME = AppIcon;
				ASSETCATALOG_COMPILER_GLOBAL_ACCENT_COLOR_NAME = AccentColor;
				CODE_SIGN_STYLE = Automatic;
				CURRENT_PROJECT_VERSION = 1;
				DEVELOPMENT_ASSET_PATHS = "\"primerOne/Preview Content\"";
				DEVELOPMENT_TEAM = T824455WAU;
				ENABLE_PREVIEWS = YES;
				GENERATE_INFOPLIST_FILE = YES;
				INFOPLIST_KEY_UIApplicationSceneManifest_Generation = YES;
				INFOPLIST_KEY_UIApplicationSupportsIndirectInputEvents = YES;
				INFOPLIST_KEY_UILaunchScreen_Generation = YES;
				INFOPLIST_KEY_UISupportedInterfaceOrientations_iPad = "UIInterfaceOrientationPortrait UIInterfaceOrientationPortraitUpsideDown UIInterfaceOrientationLandscapeLeft UIInterfaceOrientationLandscapeRight";
				INFOPLIST_KEY_UISupportedInterfaceOrientations_iPhone = "UIInterfaceOrientationPortrait UIInterfaceOrientationLandscapeLeft UIInterfaceOrientationLandscapeRight";
				LD_RUNPATH_SEARCH_PATHS = (
					"$(inherited)",
					"@executable_path/Frameworks",
				);
				MARKETING_VERSION = 1.0;
				PRODUCT_BUNDLE_IDENTIFIER = com.ahrorjabborov.primerOne;
				PRODUCT_NAME = "$(TARGET_NAME)";
				SWIFT_EMIT_LOC_STRINGS = YES;
				SWIFT_VERSION = 5.0;
				TARGETED_DEVICE_FAMILY = "1,2";
			};
			name = Debug;
		};
		7A317F7A2847DE3C00D2867D /* Release */ = {
			isa = XCBuildConfiguration;
			buildSettings = {
				ASSETCATALOG_COMPILER_APPICON_NAME = AppIcon;
				ASSETCATALOG_COMPILER_GLOBAL_ACCENT_COLOR_NAME = AccentColor;
				CODE_SIGN_STYLE = Automatic;
				CURRENT_PROJECT_VERSION = 1;
				DEVELOPMENT_ASSET_PATHS = "\"primerOne/Preview Content\"";
				DEVELOPMENT_TEAM = T824455WAU;
				ENABLE_PREVIEWS = YES;
				GENERATE_INFOPLIST_FILE = YES;
				INFOPLIST_KEY_UIApplicationSceneManifest_Generation = YES;
				INFOPLIST_KEY_UIApplicationSupportsIndirectInputEvents = YES;
				INFOPLIST_KEY_UILaunchScreen_Generation = YES;
				INFOPLIST_KEY_UISupportedInterfaceOrientations_iPad = "UIInterfaceOrientationPortrait UIInterfaceOrientationPortraitUpsideDown UIInterfaceOrientationLandscapeLeft UIInterfaceOrientationLandscapeRight";
				INFOPLIST_KEY_UISupportedInterfaceOrientations_iPhone = "UIInterfaceOrientationPortrait UIInterfaceOrientationLandscapeLeft UIInterfaceOrientationLandscapeRight";
				LD_RUNPATH_SEARCH_PATHS = (
					"$(inherited)",
					"@executable_path/Frameworks",
				);
				MARKETING_VERSION = 1.0;
				PRODUCT_BUNDLE_IDENTIFIER = com.ahrorjabborov.primerOne;
				PRODUCT_NAME = "$(TARGET_NAME)";
				SWIFT_EMIT_LOC_STRINGS = YES;
				SWIFT_VERSION = 5.0;
				TARGETED_DEVICE_FAMILY = "1,2";
			};
			name = Release;
		};
/* End XCBuildConfiguration section */

/* Begin XCConfigurationList section */
		7A317F652847DE3A00D2867D /* Build configuration list for PBXProject "primerOne" */ = {
			isa = XCConfigurationList;
			buildConfigurations = (
				7A317F762847DE3C00D2867D /* Debug */,
				7A317F772847DE3C00D2867D /* Release */,
			);
			defaultConfigurationIsVisible = 0;
			defaultConfigurationName = Release;
		};
		7A317F782847DE3C00D2867D /* Build configuration list for PBXNativeTarget "primerOne" */ = {
			isa = XCConfigurationList;
			buildConfigurations = (
				7A317F792847DE3C00D2867D /* Debug */,
				7A317F7A2847DE3C00D2867D /* Release */,
			);
			defaultConfigurationIsVisible = 0;
			defaultConfigurationName = Release;
		};
/* End XCConfigurationList section */
	};
	rootObject = 7A317F622847DE3A00D2867D /* Project object */;
}
